core:changelogs:
  - content: "---\npackages:\n  npm:tegami:\n    type: patch\n---\n\n## Fix failing checks for Git tags\n\nFixed a bug that causes publish plan status checking to fail.\n"
    filename: 2026-06-26-mquuj71p.md
    v: 0.0.0
  - content: "---\npackages:\n  npm:tegami:\n    type: patch\n---\n\n## Fix lifecycle hooks for Bun\n\nTegami used `bun pm pack` workaround for Bun, but it doesn't run lifecycle hooks. Tegami now runs the hooks same as other setups.\n"
    filename: 2026-06-26-mquul60o.md
    v: 0.0.0
core:packages:
  - changelogIds:
      - 2026-06-26-mquuj71p.md
      - 2026-06-26-mquul60o.md
    id: npm:tegami
    updated: true
  - id: npm:@repo/typescript-config
    updated: false
